// !$*UTF8*$!
{
	archiveVersion = 1;
	classes = {
	};
	objectVersion = 50;
	objects = {

/* Begin PBXBuildFile section */
		9F6FD4F82644E7FD00F5B2FC /* AppDelegate.swift in Sources */ = {isa = PBXBuildFile; fileRef = 9F6FD4F72644E7FD00F5B2FC /* AppDelegate.swift */; };
		9F6FD4FA2644E7FD00F5B2FC /* SceneDelegate.swift in Sources */ = {isa = PBXBuildFile; fileRef = 9F6FD4F92644E7FD00F5B2FC /* SceneDelegate.swift */; };
		9F6FD4FC2644E7FD00F5B2FC /* ViewController.swift in Sources */ = {isa = PBXBuildFile; fileRef = 9F6FD4FB2644E7FD00F5B2FC /* ViewController.swift */; };
		9F6FD4FF2644E7FD00F5B2FC /* Main.storyboard in Resources */ = {isa = PBXBuildFile; fileRef = 9F6FD4FD2644E7FD00F5B2FC /* Main.storyboard */; };
		9F6FD5012644E7FF00F5B2FC /* Assets.xcassets in Resources */ = {isa = PBXBuildFile; fileRef = 9F6FD5002644E7FF00F5B2FC /* Assets.xcassets */; };
		9F6FD5042644E7FF00F5B2FC /* LaunchScreen.storyboard in Resources */ = {isa = PBXBuildFile; fileRef = 9F6FD5022644E7FF00F5B2FC /* LaunchScreen.storyboard */; };
		9FD00F4F264CE5E100F8295D /* icon.png in Resources */ = {isa = PBXBuildFile; fileRef = 9FD00F4E264CE5E000F8295D /* icon.png */; };
/* End PBXBuildFile section */

/* Begin PBXFileReference section */
		9F6FD4F42644E7FD00F5B2FC /* Count.app */ = {isa = PBXFileReference; explicitFileType = wrapper.application; includeInIndex = 0; path = Count.app; sourceTree = BUILT_PRODUCTS_DIR; };
		9F6FD4F72644E7FD00F5B2FC /* AppDelegate.swift */ = {isa = PBXFileReference; lastKnownFileType = sourcecode.swift; path = AppDelegate.swift; sourceTree = "<group>"; };
		9F6FD4F92644E7FD00F5B2FC /* SceneDelegate.swift */ = {isa = PBXFileReference; lastKnownFileType = sourcecode.swift; path = SceneDelegate.swift; sourceTree = "<group>"; };
		9F6FD4FB2644E7FD00F5B2FC /* ViewController.swift */ = {isa = PBXFileReference; lastKnownFileType = sourcecode.swift; path = ViewController.swift; sourceTree = "<group>"; };
		9F6FD4FE2644E7FD00F5B2FC /* Base */ = {isa = PBXFileReference; lastKnownFileType = file.storyboard; name = Base; path = Base.lproj/Main.storyboard; sourceTree = "<group>"; };
		9F6FD5002644E7FF00F5B2FC /* Assets.xcassets */ = {isa = PBXFileReference; lastKnownFileType = folder.assetcatalog; path = Assets.xcassets; sourceTree = "<group>"; };
		9F6FD5032644E7FF00F5B2FC /* Base */ = {isa = PBXFileReference; lastKnownFileType = file.storyboard; name = Base; path = Base.lproj/LaunchScreen.storyboard; sourceTree = "<group>"; };
		9F6FD5052644E7FF00F5B2FC /* Info.plist */ = {isa = PBXFileReference; lastKnownFileType = text.plist.xml; path = Info.plist; sourceTree = "<group>"; };
		9FD00F4E264CE5E000F8295D /* icon.png */ = {isa = PBXFileReference; lastKnownFileType = image.png; path = icon.png; sourceTree = "<group>"; };
/* End PBXFileReference section */

/* Begin PBXFrameworksBuildPhase section */
		9F6FD4F12644E7FD00F5B2FC /* Frameworks */ = {
			isa = PBXFrameworksBuildPhase;
			buildActionMask = 2147483647;
			files = (
			);
			runOnlyForDeploymentPostprocessing = 0;
		};
/* End PBXFrameworksBuildPhase section */

/* Begin PBXGroup section */
		9F6FD4EB2644E7FD00F5B2FC = {
			isa = PBXGroup;
			children = (
				9F6FD4F62644E7FD00F5B2FC /* Count */,
				9F6FD4F52644E7FD00F5B2FC /* Products */,
			);
			sourceTree = "<group>";
		};
		9F6FD4F52644E7FD00F5B2FC /* Products */ = {
			isa = PBXGroup;
			children = (
				9F6FD4F42644E7FD00F5B2FC /* Count.app */,
			);
			name = Products;
			sourceTree = "<group>";
		};
		9F6FD4F62644E7FD00F5B2FC /* Count */ = {
			isa = PBXGroup;
			children = (
				9FD00F4E264CE5E000F8295D /* icon.png */,
				9F6FD4F72644E7FD00F5B2FC /* AppDelegate.swift */,
				9F6FD4F92644E7FD00F5B2FC /* SceneDelegate.swift */,
				9F6FD4FB2644E7FD00F5B2FC /* ViewController.swift */,
				9F6FD4FD2644E7FD00F5B2FC /* Main.storyboard */,
				9F6FD5002644E7FF00F5B2FC /* Assets.xcassets */,
				9F6FD5022644E7FF00F5B2FC /* LaunchScreen.storyboard */,
				9F6FD5052644E7FF00F5B2FC /* Info.plist */,
			);
			path = Count;
			sourceTree = "<group>";
		};
/* End PBXGroup section */

/* Begin PBXNativeTarget section */
		9F6FD4F32644E7FD00F5B2FC /* Count */ = {
			isa = PBXNativeTarget;
			buildConfigurationList = 9F6FD5082644E7FF00F5B2FC /* Build configuration list for PBXNativeTarget "Count" */;
			buildPhases = (
				9F6FD4F02644E7FD00F5B2FC /* Sources */,
				9F6FD4F12644E7FD00F5B2FC /* Frameworks */,
				9F6FD4F22644E7FD00F5B2FC /* Resources */,
			);
			buildRules = (
			);
			dependencies = (
			);
			name = Count;
			productName = Count;
			productReference = 9F6FD4F42644E7FD00F5B2FC /* Count.app */;
			productType = "com.apple.product-type.application";
		};
/* End PBXNativeTarget section */

/* Begin PBXProject section */
		9F6FD4EC2644E7FD00F5B2FC /* Project object */ = {
			isa = PBXProject;
			attributes = {
				LastSwiftUpdateCheck = 1170;
				LastUpgradeCheck = 1170;
				ORGANIZATIONNAME = "Yuki Sekido";
				TargetAttributes = {
					9F6FD4F32644E7FD00F5B2FC = {
						CreatedOnToolsVersion = 11.7;
					};
				};
			};
			buildConfigurationList = 9F6FD4EF2644E7FD00F5B2FC /* Build configuration list for PBXProject "Count" */;
			compatibilityVersion = "Xcode 9.3";
			developmentRegion = en;
			hasScannedForEncodings = 0;
			knownRegions = (
				en,
				Base,
			);
			mainGroup = 9F6FD4EB2644E7FD00F5B2FC;
			productRefGroup = 9F6FD4F52644E7FD00F5B2FC /* Products */;
			projectDirPath = "";
			projectRoot = "";
			targets = (
				9F6FD4F32644E7FD00F5B2FC /* Count */,
			);
		};
/* End PBXProject section */

/* Begin PBXResourcesBuildPhase section */
		9F6FD4F22644E7FD00F5B2FC /* Resources */ = {
			isa = PBXResourcesBuildPhase;
			buildActionMask = 2147483647;
			files = (
				9FD00F4F264CE5E100F8295D /* icon.png in Resources */,
				9F6FD5042644E7FF00F5B2FC /* LaunchScreen.storyboard in Resources */,
				9F6FD5012644E7FF00F5B2FC /* Assets.xcassets in Resources */,
				9F6FD4FF2644E7FD00F5B2FC /* Main.storyboard in Resources */,
			);
			runOnlyForDeploymentPostprocessing = 0;
		};
/* End PBXResourcesBuildPhase section */

/* Begin PBXSourcesBuildPhase section */
		9F6FD4F02644E7FD00F5B2FC /* Sources */ = {
			isa = PBXSourcesBuildPhase;
			buildActionMask = 2147483647;
			files = (
				9F6FD4FC2644E7FD00F5B2FC /* ViewController.swift in Sources */,
				9F6FD4F82644E7FD00F5B2FC /* AppDelegate.swift in Sources */,
				9F6FD4FA2644E7FD00F5B2FC /* SceneDelegate.swift in Sources */,
			);
			runOnlyForDeploymentPostprocessing = 0;
		};
/* End PBXSourcesBuildPhase section */

/* Begin PBXVariantGroup section */
		9F6FD4FD2644E7FD00F5B2FC /* Main.storyboard */ = {
			isa = PBXVariantGroup;
			children = (
				9F6FD4FE2644E7FD00F5B2FC /* Base */,
			);
			name = Main.storyboard;
			sourceTree = "<group>";
		};
		9F6FD5022644E7FF00F5B2FC /* LaunchScreen.storyboard */ = {
			isa = PBXVariantGroup;
			children = (
				9F6FD5032644E7FF00F5B2FC /* Base */,
			);
			name = LaunchScreen.storyboard;
			sourceTree = "<group>";
		};
/* End PBXVariantGroup section */

/* Begin XCBuildConfiguration section */
		9F6FD5062644E7FF00F5B2FC /* Debug */ = {
			isa = XCBuildConfiguration;
			buildSettings = {
				ALWAYS_SEARCH_USER_PATHS = NO;
				CLANG_ANALYZER_NONNULL = YES;
				CLANG_ANALYZER_NUMBER_OBJECT_CONVERSION = YES_AGGRESSIVE;
				CLANG_CXX_LANGUAGE_STANDARD = "gnu++14";
				CLANG_CXX_LIBRARY = "libc++";
				CLANG_ENABLE_MODULES = YES;
				CLANG_ENABLE_OBJC_ARC = YES;
				CLANG_ENABLE_OBJC_WEAK = YES;
				CLANG_WARN_BLOCK_CAPTURE_AUTORELEASING = YES;
				CLANG_WARN_BOOL_CONVERSION = YES;
				CLANG_WARN_COMMA = YES;
				CLANG_WARN_CONSTANT_CONVERSION = YES;
				CLANG_WARN_DEPRECATED_OBJC_IMPLEMENTATIONS = YES;
				CLANG_WARN_DIRECT_OBJC_ISA_USAGE = YES_ERROR;
				CLANG_WARN_DOCUMENTATION_COMMENTS = YES;
				CLANG_WARN_EMPTY_BODY = YES;
				CLANG_WARN_ENUM_CONVERSION = YES;
				CLANG_WARN_INFINITE_RECURSION = YES;
				CLANG_WARN_INT_CONVERSION = YES;
				CLANG_WARN_NON_LITERAL_NULL_CONVERSION = YES;
				CLANG_WARN_OBJC_IMPLICIT_RETAIN_SELF = YES;
				CLANG_WARN_OBJC_LITERAL_CONVERSION = YES;
				CLANG_WARN_OBJC_ROOT_CLASS = YES_ERROR;
				CLANG_WARN_RANGE_LOOP_ANALYSIS = YES;
				CLANG_WARN_STRICT_PROTOTYPES = YES;
				CLANG_WARN_SUSPICIOUS_MOVE = YES;
				CLANG_WARN_UNGUARDED_AVAILABILITY = YES_AGGRESSIVE;
				CLANG_WARN_UNREACHABLE_CODE = YES;
				CLANG_WARN__DUPLICATE_METHOD_MATCH = YES;
				COPY_PHASE_STRIP = NO;
				DEBUG_INFORMATION_FORMAT = dwarf;
				ENABLE_STRICT_OBJC_MSGSEND = YES;
				ENABLE_TESTABILITY = YES;
				GCC_C_LANGUAGE_STANDARD = gnu11;
				GCC_DYNAMIC_NO_PIC = NO;
				GCC_NO_COMMON_BLOCKS = YES;
				GCC_OPTIMIZATION_LEVEL = 0;
				GCC_PREPROCESSOR_DEFINITIONS = (
					"DEBUG=1",
					"$(inherited)",
				);
				GCC_WARN_64_TO_32_BIT_CONVERSION = YES;
				GCC_WARN_ABOUT_RETURN_TYPE = YES_ERROR;
				GCC_WARN_UNDECLARED_SELECTOR = YES;
				GCC_WARN_UNINITIALIZED_AUTOS = YES_AGGRESSIVE;
				GCC_WARN_UNUSED_FUNCTION = YES;
				GCC_WARN_UNUSED_VARIABLE = YES;
				IPHONEOS_DEPLOYMENT_TARGET = 13.7;
				MTL_ENABLE_DEBUG_INFO = INCLUDE_SOURCE;
				MTL_FAST_MATH = YES;
				ONLY_ACTIVE_ARCH = YES;
				SDKROOT = iphoneos;
				SWIFT_ACTIVE_COMPILATION_CONDITIONS = DEBUG;
				SWIFT_OPTIMIZATION_LEVEL = "-Onone";
			};
			name = Debug;
		};
		9F6FD5072644E7FF00F5B2FC /* Release */ = {
			isa = XCBuildConfiguration;
			buildSettings = {
				ALWAYS_SEARCH_USER_PATHS = NO;
				CLANG_ANALYZER_NONNULL = YES;
				CLANG_ANALYZER_NUMBER_OBJECT_CONVERSION = YES_AGGRESSIVE;
				CLANG_CXX_LANGUAGE_STANDARD = "gnu++14";
				CLANG_CXX_LIBRARY = "libc++";
				CLANG_ENABLE_MODULES = YES;
				CLANG_ENABLE_OBJC_ARC = YES;
				CLANG_ENABLE_OBJC_WEAK = YES;
				CLANG_WARN_BLOCK_CAPTURE_AUTORELEASING = YES;
				CLANG_WARN_BOOL_CONVERSION = YES;
				CLANG_WARN_COMMA = YES;
				CLANG_WARN_CONSTANT_CONVERSION = YES;
				CLANG_WARN_DEPRECATED_OBJC_IMPLEMENTATIONS = YES;
				CLANG_WARN_DIRECT_OBJC_ISA_USAGE = YES_ERROR;
				CLANG_WARN_DOCUMENTATION_COMMENTS = YES;
				CLANG_WARN_EMPTY_BODY = YES;
				CLANG_WARN_ENUM_CONVERSION = YES;
				CLANG_WARN_INFINITE_RECURSION = YES;
				CLANG_WARN_INT_CONVERSION = YES;
				CLANG_WARN_NON_LITERAL_NULL_CONVERSION = YES;
				CLANG_WARN_OBJC_IMPLICIT_RETAIN_SELF = YES;
				CLANG_WARN_OBJC_LITERAL_CONVERSION = YES;
				CLANG_WARN_OBJC_ROOT_CLASS = YES_ERROR;
				CLANG_WARN_RANGE_LOOP_ANALYSIS = YES;
				CLANG_WARN_STRICT_PROTOTYPES = YES;
				CLANG_WARN_SUSPICIOUS_MOVE = YES;
				CLANG_WARN_UNGUARDED_AVAILABILITY = YES_AGGRESSIVE;
				CLANG_WARN_UNREACHABLE_CODE = YES;
				CLANG_WARN__DUPLICATE_METHOD_MATCH = YES;
				COPY_PHASE_STRIP = NO;
				DEBUG_INFORMATION_FORMAT = "dwarf-with-dsym";
				ENABLE_NS_ASSERTIONS = NO;
				ENABLE_STRICT_OBJC_MSGSEND = YES;
				GCC_C_LANGUAGE_STANDARD = gnu11;
				GCC_NO_COMMON_BLOCKS = YES;
				GCC_WARN_64_TO_32_BIT_CONVERSION = YES;
				GCC_WARN_ABOUT_RETURN_TYPE = YES_ERROR;
				GCC_WARN_UNDECLARED_SELECTOR = YES;
				GCC_WARN_UNINITIALIZED_AUTOS = YES_AGGRESSIVE;
				GCC_WARN_UNUSED_FUNCTION = YES;
				GCC_WARN_UNUSED_VARIABLE = YES;
				IPHONEOS_DEPLOYMENT_TARGET = 13.7;
				MTL_ENABLE_DEBUG_INFO = NO;
				MTL_FAST_MATH = YES;
				SDKROOT = iphoneos;
				SWIFT_COMPILATION_MODE = wholemodule;
				SWIFT_OPTIMIZATION_LEVEL = "-O";
				VALIDATE_PRODUCT = YES;
			};
			name = Release;
		};
		9F6FD5092644E7FF00F5B2FC /* Debug */ = {
			isa = XCBuildConfiguration;
			buildSettings = {
				ASSETCATALOG_COMPILER_APPICON_NAME = AppIcon;
				CODE_SIGN_STYLE = Automatic;
				DEVELOPMENT_TEAM = F3R77N599D;
				INFOPLIST_FILE = Count/Info.plist;
				LD_RUNPATH_SEARCH_PATHS = (
					"$(inherited)",
					"@executable_path/Frameworks",
				);
				PRODUCT_BUNDLE_IDENTIFIER = app.sekido.sekidon.Count;
				PRODUCT_NAME = "$(TARGET_NAME)";
				SWIFT_VERSION = 5.0;
				TARGETED_DEVICE_FAMILY = "1,2";
			};
			name = Debug;
		};
		9F6FD50A2644E7FF00F5B2FC /* Release */ = {
			isa = XCBuildConfiguration;
			buildSettings = {
				ASSETCATALOG_COMPILER_APPICON_NAME = AppIcon;
				CODE_SIGN_STYLE = Automatic;
				DEVELOPMENT_TEAM = F3R77N599D;
				INFOPLIST_FILE = Count/Info.plist;
				LD_RUNPATH_SEARCH_PATHS = (
					"$(inherited)",
					"@executable_path/Frameworks",
				);
				PRODUCT_BUNDLE_IDENTIFIER = app.sekido.sekidon.Count;
				PRODUCT_NAME = "$(TARGET_NAME)";
				SWIFT_VERSION = 5.0;
				TARGETED_DEVICE_FAMILY = "1,2";
			};
			name = Release;
		};
/* End XCBuildConfiguration section */

/* Begin XCConfigurationList section */
		9F6FD4EF2644E7FD00F5B2FC /* Build configuration list for PBXProject "Count" */ = {
			isa = XCConfigurationList;
			buildConfigurations = (
				9F6FD5062644E7FF00F5B2FC /* Debug */,
				9F6FD5072644E7FF00F5B2FC /* Release */,
			);
			defaultConfigurationIsVisible = 0;
			defaultConfigurationName = Release;
		};
		9F6FD5082644E7FF00F5B2FC /* Build configuration list for PBXNativeTarget "Count" */ = {
			isa = XCConfigurationList;
			buildConfigurations = (
				9F6FD5092644E7FF00F5B2FC /* Debug */,
				9F6FD50A2644E7FF00F5B2FC /* Release */,
			);
			defaultConfigurationIsVisible = 0;
			defaultConfigurationName = Release;
		};
/* End XCConfigurationList section */
	};
	rootObject = 9F6FD4EC2644E7FD00F5B2FC /* Project object */;
}
